
Microsoft Visual Studio Solution File, Format Version 12.00
# Visual Studio 15
VisualStudioVersion = 15.0.28307.1259
MinimumVisualStudioVersion = 10.0.40219.1
Project("{9A19103F-16F7-4668-BE54-9A1E7A4F7556}") = "364Scores.Core.Datasources", "364Scores.Core.Datasources\364Scores.Core.Datasources.csproj", "{1A96F602-D11E-42E6-81E5-9D7820C75B65}"
EndProject
Project("{9A19103F-16F7-4668-BE54-9A1E7A4F7556}") = "364Scores.Core.Dataprocessing", "364Scores.Core.Dataprocessing\364Scores.Core.Dataprocessing.csproj", "{67466152-AA0F-47BE-A67A-3BB1EAED487B}"
EndProject
Project("{9A19103F-16F7-4668-BE54-9A1E7A4F7556}") = "364Scores.Core.Common", "364Scores.Core.Common\364Scores.Core.Common.csproj", "{7D4F020E-366B-4FEB-802D-368172A162F0}"
EndProject
Project("{FAE04EC0-301F-11D3-BF4B-00C04F79EFBC}") = "364Scores.Core.EventQueue", "364Scores.Core.EventQueue\364Scores.Core.EventQueue.csproj", "{7E1B609D-5B92-4668-B98B-99F16D6FA520}"
EndProject
Project("{FAE04EC0-301F-11D3-BF4B-00C04F79EFBC}") = "364Scores.Core.GameStorage", "364Scores.Core.GameStorage\364Scores.Core.GameStorage.csproj", "{3819F1D7-55A2-472A-8EA2-C9446B1731C6}"
EndProject
Project("{FAE04EC0-301F-11D3-BF4B-00C04F79EFBC}") = "364Scores.DemoWebMultiHoster", "364Scores.DemoWebMultiHoster\364Scores.DemoWebMultiHoster.csproj", "{5A81E56C-748C-4A1D-A491-1C3FB5F52905}"
EndProject
Project("{FAE04EC0-301F-11D3-BF4B-00C04F79EFBC}") = "364Scores.Api.Manager", "364Scores.Api.Manager\364Scores.Api.Manager.csproj", "{18C080A6-1028-4AEF-B296-F9805A45B1B6}"
EndProject
Global
	GlobalSection(SolutionConfigurationPlatforms) = preSolution
		Debug|Any CPU = Debug|Any CPU
		Release|Any CPU = Release|Any CPU
	EndGlobalSection
	GlobalSection(ProjectConfigurationPlatforms) = postSolution
		{1A96F602-D11E-42E6-81E5-9D7820C75B65}.Debug|Any CPU.ActiveCfg = Debug|Any CPU
		{1A96F602-D11E-42E6-81E5-9D7820C75B65}.Debug|Any CPU.Build.0 = Debug|Any CPU
		{1A96F602-D11E-42E6-81E5-9D7820C75B65}.Release|Any CPU.ActiveCfg = Release|Any CPU
		{1A96F602-D11E-42E6-81E5-9D7820C75B65}.Release|Any CPU.Build.0 = Release|Any CPU
		{67466152-AA0F-47BE-A67A-3BB1EAED487B}.Debug|Any CPU.ActiveCfg = Debug|Any CPU
		{67466152-AA0F-47BE-A67A-3BB1EAED487B}.Debug|Any CPU.Build.0 = Debug|Any CPU
		{67466152-AA0F-47BE-A67A-3BB1EAED487B}.Release|Any CPU.ActiveCfg = Release|Any CPU
		{67466152-AA0F-47BE-A67A-3BB1EAED487B}.Release|Any CPU.Build.0 = Release|Any CPU
		{7D4F020E-366B-4FEB-802D-368172A162F0}.Debug|Any CPU.ActiveCfg = Debug|Any CPU
		{7D4F020E-366B-4FEB-802D-368172A162F0}.Debug|Any CPU.Build.0 = Debug|Any CPU
		{7D4F020E-366B-4FEB-802D-368172A162F0}.Release|Any CPU.ActiveCfg = Release|Any CPU
		{7D4F020E-366B-4FEB-802D-368172A162F0}.Release|Any CPU.Build.0 = Release|Any CPU
		{7E1B609D-5B92-4668-B98B-99F16D6FA520}.Debug|Any CPU.ActiveCfg = Debug|Any CPU
		{7E1B609D-5B92-4668-B98B-99F16D6FA520}.Debug|Any CPU.Build.0 = Debug|Any CPU
		{7E1B609D-5B92-4668-B98B-99F16D6FA520}.Release|Any CPU.ActiveCfg = Release|Any CPU
		{7E1B609D-5B92-4668-B98B-99F16D6FA520}.Release|Any CPU.Build.0 = Release|Any CPU
		{3819F1D7-55A2-472A-8EA2-C9446B1731C6}.Debug|Any CPU.ActiveCfg = Debug|Any CPU
		{3819F1D7-55A2-472A-8EA2-C9446B1731C6}.Debug|Any CPU.Build.0 = Debug|Any CPU
		{3819F1D7-55A2-472A-8EA2-C9446B1731C6}.Release|Any CPU.ActiveCfg = Release|Any CPU
		{3819F1D7-55A2-472A-8EA2-C9446B1731C6}.Release|Any CPU.Build.0 = Release|Any CPU
		{5A81E56C-748C-4A1D-A491-1C3FB5F52905}.Debug|Any CPU.ActiveCfg = Debug|Any CPU
		{5A81E56C-748C-4A1D-A491-1C3FB5F52905}.Debug|Any CPU.Build.0 = Debug|Any CPU
		{5A81E56C-748C-4A1D-A491-1C3FB5F52905}.Release|Any CPU.ActiveCfg = Release|Any CPU
		{5A81E56C-748C-4A1D-A491-1C3FB5F52905}.Release|Any CPU.Build.0 = Release|Any CPU
		{18C080A6-1028-4AEF-B296-F9805A45B1B6}.Debug|Any CPU.ActiveCfg = Debug|Any CPU
		{18C080A6-1028-4AEF-B296-F9805A45B1B6}.Debug|Any CPU.Build.0 = Debug|Any CPU
		{18C080A6-1028-4AEF-B296-F9805A45B1B6}.Release|Any CPU.ActiveCfg = Release|Any CPU
		{18C080A6-1028-4AEF-B296-F9805A45B1B6}.Release|Any CPU.Build.0 = Release|Any CPU
	EndGlobalSection
	GlobalSection(SolutionProperties) = preSolution
		HideSolutionNode = FALSE
	EndGlobalSection
	GlobalSection(ExtensibilityGlobals) = postSolution
		SolutionGuid = {8C354331-D27E-4904-AD8D-BB7A7A83DAD5}
	EndGlobalSection
EndGlobal
